
Microsoft Visual Studio Solution File, Format Version 12.00
# Visual Studio Version 17
VisualStudioVersion = 17.11.35219.272
MinimumVisualStudioVersion = 10.0.40219.1
Project("{FAE04EC0-301F-11D3-BF4B-00C04F79EFBC}") = "auth", "auth.csproj", "{0E2E17DC-6859-4944-A953-CA5B4AD9A3EF}"
EndProject
Global
	GlobalSection(SolutionConfigurationPlatforms) = preSolution
		Debug|Any CPU = Debug|Any CPU
		Release|Any CPU = Release|Any CPU
	EndGlobalSection
	GlobalSection(ProjectConfigurationPlatforms) = postSolution
		{0E2E17DC-6859-4944-A953-CA5B4AD9A3EF}.Debug|Any CPU.ActiveCfg = Debug|Any CPU
		{0E2E17DC-6859-4944-A953-CA5B4AD9A3EF}.Debug|Any CPU.Build.0 = Debug|Any CPU
		{0E2E17DC-6859-4944-A953-CA5B4AD9A3EF}.Release|Any CPU.ActiveCfg = Release|Any CPU
		{0E2E17DC-6859-4944-A953-CA5B4AD9A3EF}.Release|Any CPU.Build.0 = Release|Any CPU
	EndGlobalSection
	GlobalSection(SolutionProperties) = preSolution
		HideSolutionNode = FALSE
	EndGlobalSection
	GlobalSection(ExtensibilityGlobals) = postSolution
		SolutionGuid = {7849575F-D31D-4DD2-951B-1475E771BA5E}
	EndGlobalSection
EndGlobal
